
Microsoft Visual Studio Solution File, Format Version 12.00
Project("{FAE04EC0-301F-11D3-BF4B-00C04F79EFBC}") = "Backtracking", "Backtracking.csproj", "{A9434623-7DF6-42E5-B5D9-E3584ABE6AF9}"
EndProject
Global
	GlobalSection(SolutionConfigurationPlatforms) = preSolution
		Debug|Any CPU = Debug|Any CPU
		Release|Any CPU = Release|Any CPU
	EndGlobalSection
	GlobalSection(ProjectConfigurationPlatforms) = postSolution
		{A9434623-7DF6-42E5-B5D9-E3584ABE6AF9}.Debug|Any CPU.ActiveCfg = Debug|Any CPU
		{A9434623-7DF6-42E5-B5D9-E3584ABE6AF9}.Debug|Any CPU.Build.0 = Debug|Any CPU
		{A9434623-7DF6-42E5-B5D9-E3584ABE6AF9}.Release|Any CPU.ActiveCfg = Release|Any CPU
		{A9434623-7DF6-42E5-B5D9-E3584ABE6AF9}.Release|Any CPU.Build.0 = Release|Any CPU
	EndGlobalSection
EndGlobal
